
Microsoft Visual Studio Solution File, Format Version 12.00
# Visual Studio Version 16
VisualStudioVersion = 16.0.31424.327
MinimumVisualStudioVersion = 10.0.40219.1
Project("{FAE04EC0-301F-11D3-BF4B-00C04F79EFBC}") = "CounterStrike", "CounterStrike\CounterStrike.csproj", "{690B4790-86DB-4C7A-BD4B-2DAA12C5366F}"
EndProject
Global
	GlobalSection(SolutionConfigurationPlatforms) = preSolution
		Debug|Any CPU = Debug|Any CPU
		Release|Any CPU = Release|Any CPU
	EndGlobalSection
	GlobalSection(ProjectConfigurationPlatforms) = postSolution
		{690B4790-86DB-4C7A-BD4B-2DAA12C5366F}.Debug|Any CPU.ActiveCfg = Debug|Any CPU
		{690B4790-86DB-4C7A-BD4B-2DAA12C5366F}.Debug|Any CPU.Build.0 = Debug|Any CPU
		{690B4790-86DB-4C7A-BD4B-2DAA12C5366F}.Release|Any CPU.ActiveCfg = Release|Any CPU
		{690B4790-86DB-4C7A-BD4B-2DAA12C5366F}.Release|Any CPU.Build.0 = Release|Any CPU
	EndGlobalSection
	GlobalSection(SolutionProperties) = preSolution
		HideSolutionNode = FALSE
	EndGlobalSection
	GlobalSection(ExtensibilityGlobals) = postSolution
		SolutionGuid = {CF18B028-1D88-4CE5-8BF4-4ECC7649DD04}
	EndGlobalSection
EndGlobal
